// !$*UTF8*$!
{
	archiveVersion = 1;
	classes = {
	};
	objectVersion = 54;
	objects = {

/* Begin PBXBuildFile section */
		47CD50BB40FE331F673DB858 /* Localizable.strings in Resources */ = {isa = PBXBuildFile; fileRef = 09FEBBDB493296B625F15386 /* Localizable.strings */; };
		AA0000011E34BA6100A3E79B /* XattrEditorApp.swift in Sources */ = {isa = PBXBuildFile; fileRef = AA0000001E34BA6100A3E79B /* XattrEditorApp.swift */; };
		AA0000021E34BA6100A3E79B /* OpenFileView.swift in Sources */ = {isa = PBXBuildFile; fileRef = AA0000011E34BA6100A3E79A /* OpenFileView.swift */; };
		AA0000031E34BA6100A3E79B /* AttributeInspectorView.swift in Sources */ = {isa = PBXBuildFile; fileRef = AA0000021E34BA6100A3E79A /* AttributeInspectorView.swift */; };
		C054A5EF2F5371AB00442D6C /* GitHubUpdateChecker.swift in Sources */ = {isa = PBXBuildFile; fileRef = C054A5ED2F5371AB00442D6C /* GitHubUpdateChecker.swift */; };
		D95039F42F184BAD0086B703 /* Material+LiquidGlass.swift in Sources */ = {isa = PBXBuildFile; fileRef = D95039F32F184BAD0086B703 /* Material+LiquidGlass.swift */; };
		D96A33FB2F254D1C00964325 /* LanguageSelectorView.swift in Sources */ = {isa = PBXBuildFile; fileRef = D96A33FA2F254D1C00964325 /* LanguageSelectorView.swift */; };
		FB8A8B0D1E336D0800908B25 /* Assets.xcassets in Resources */ = {isa = PBXBuildFile; fileRef = FB8A8B0C1E336D0800908B25 /* Assets.xcassets */; };
		FBC0D2CC1E34BA6100A3E79B /* URL+XAttr.swift in Sources */ = {isa = PBXBuildFile; fileRef = FBC0D2C31E34BA6100A3E79B /* URL+XAttr.swift */; };
		FBC0D2CD1E34BA6100A3E79B /* Attribute.swift in Sources */ = {isa = PBXBuildFile; fileRef = FBC0D2C51E34BA6100A3E79B /* Attribute.swift */; };
/* End PBXBuildFile section */

/* Begin PBXFileReference section */
		AA0000001E34BA6100A3E79B /* XattrEditorApp.swift */ = {isa = PBXFileReference; fileEncoding = 4; lastKnownFileType = sourcecode.swift; path = XattrEditorApp.swift; sourceTree = "<group>"; };
		AA0000011E34BA6100A3E79A /* OpenFileView.swift */ = {isa = PBXFileReference; fileEncoding = 4; lastKnownFileType = sourcecode.swift; path = OpenFileView.swift; sourceTree = "<group>"; };
		AA0000021E34BA6100A3E79A /* AttributeInspectorView.swift */ = {isa = PBXFileReference; fileEncoding = 4; lastKnownFileType = sourcecode.swift; path = AttributeInspectorView.swift; sourceTree = "<group>"; };
		C054A5ED2F5371AB00442D6C /* GitHubUpdateChecker.swift */ = {isa = PBXFileReference; lastKnownFileType = sourcecode.swift; path = GitHubUpdateChecker.swift; sourceTree = "<group>"; };
		D95039F32F184BAD0086B703 /* Material+LiquidGlass.swift */ = {isa = PBXFileReference; lastKnownFileType = sourcecode.swift; path = "Material+LiquidGlass.swift"; sourceTree = "<group>"; };
		D95DB6522F18188400472969 /* es */ = {isa = PBXFileReference; lastKnownFileType = text.plist.strings; name = es; path = es.lproj/Localizable.strings; sourceTree = "<group>"; };
		D96A33FA2F254D1C00964325 /* LanguageSelectorView.swift */ = {isa = PBXFileReference; lastKnownFileType = sourcecode.swift; path = LanguageSelectorView.swift; sourceTree = "<group>"; };
		D9A85C042F241DAA00BA690E /* fr */ = {isa = PBXFileReference; lastKnownFileType = text.plist.strings; name = fr; path = fr.lproj/Localizable.strings; sourceTree = "<group>"; };
		D9A85C052F241DB600BA690E /* de */ = {isa = PBXFileReference; lastKnownFileType = text.plist.strings; name = de; path = de.lproj/Localizable.strings; sourceTree = "<group>"; };
		D9A85C062F241DCC00BA690E /* it */ = {isa = PBXFileReference; lastKnownFileType = text.plist.strings; name = it; path = it.lproj/Localizable.strings; sourceTree = "<group>"; };
		EC29F5F764AA19394D28F707 /* en */ = {isa = PBXFileReference; lastKnownFileType = text.plist.strings; name = en; path = en.lproj/Localizable.strings; sourceTree = "<group>"; };
		FB8A8B071E336D0800908B25 /* Xattr Editor.app */ = {isa = PBXFileReference; explicitFileType = wrapper.application; includeInIndex = 0; path = "Xattr Editor.app"; sourceTree = BUILT_PRODUCTS_DIR; };
		FB8A8B0C1E336D0800908B25 /* Assets.xcassets */ = {isa = PBXFileReference; lastKnownFileType = folder.assetcatalog; path = Assets.xcassets; sourceTree = "<group>"; };
		FB8A8B111E336D0800908B25 /* Info.plist */ = {isa = PBXFileReference; lastKnownFileType = text.plist.xml; path = Info.plist; sourceTree = "<group>"; };
		FBC0D2C31E34BA6100A3E79B /* URL+XAttr.swift */ = {isa = PBXFileReference; fileEncoding = 4; lastKnownFileType = sourcecode.swift; path = "URL+XAttr.swift"; sourceTree = "<group>"; };
		FBC0D2C51E34BA6100A3E79B /* Attribute.swift */ = {isa = PBXFileReference; fileEncoding = 4; lastKnownFileType = sourcecode.swift; path = Attribute.swift; sourceTree = "<group>"; };
/* End PBXFileReference section */

/* Begin PBXFrameworksBuildPhase section */
		FB8A8B041E336D0800908B25 /* Frameworks */ = {
			isa = PBXFrameworksBuildPhase;
			buildActionMask = 2147483647;
			files = (
			);
			runOnlyForDeploymentPostprocessing = 0;
		};
/* End PBXFrameworksBuildPhase section */

/* Begin PBXGroup section */
		C032A5CE2F164C4000EAC461 /* Resources */ = {
			isa = PBXGroup;
			children = (
				09FEBBDB493296B625F15386 /* Localizable.strings */,
			);
			path = Resources;
			sourceTree = "<group>";
		};
		C054A5EE2F5371AB00442D6C /* Updater */ = {
			isa = PBXGroup;
			children = (
				C054A5ED2F5371AB00442D6C /* GitHubUpdateChecker.swift */,
			);
			path = Updater;
			sourceTree = "<group>";
		};
		FB8A8AFE1E336D0800908B25 = {
			isa = PBXGroup;
			children = (
				FB8A8B091E336D0800908B25 /* Xattr Editor */,
				FB8A8B081E336D0800908B25 /* Products */,
			);
			sourceTree = "<group>";
		};
		FB8A8B081E336D0800908B25 /* Products */ = {
			isa = PBXGroup;
			children = (
				FB8A8B071E336D0800908B25 /* Xattr Editor.app */,
			);
			name = Products;
			sourceTree = "<group>";
		};
		FB8A8B091E336D0800908B25 /* Xattr Editor */ = {
			isa = PBXGroup;
			children = (
				FB8A8B0C1E336D0800908B25 /* Assets.xcassets */,
				FBC0D2C21E34BA6100A3E79B /* Extensions */,
				FB8A8B111E336D0800908B25 /* Info.plist */,
				FBC0D2C41E34BA6100A3E79B /* Model */,
				C032A5CE2F164C4000EAC461 /* Resources */,
				C054A5EE2F5371AB00442D6C /* Updater */,
				FBC0D2D21E34BDB700A3E79B /* Views */,
				AA0000001E34BA6100A3E79B /* XattrEditorApp.swift */,
			);
			path = "Xattr Editor";
			sourceTree = "<group>";
		};
		FBC0D2C21E34BA6100A3E79B /* Extensions */ = {
			isa = PBXGroup;
			children = (
				FBC0D2C31E34BA6100A3E79B /* URL+XAttr.swift */,
			);
			path = Extensions;
			sourceTree = "<group>";
		};
		FBC0D2C41E34BA6100A3E79B /* Model */ = {
			isa = PBXGroup;
			children = (
				FBC0D2C51E34BA6100A3E79B /* Attribute.swift */,
				D95039F32F184BAD0086B703 /* Material+LiquidGlass.swift */,
			);
			path = Model;
			sourceTree = "<group>";
		};
		FBC0D2D21E34BDB700A3E79B /* Views */ = {
			isa = PBXGroup;
			children = (
				AA0000021E34BA6100A3E79A /* AttributeInspectorView.swift */,
				D96A33FA2F254D1C00964325 /* LanguageSelectorView.swift */,
				AA0000011E34BA6100A3E79A /* OpenFileView.swift */,
			);
			path = Views;
			sourceTree = "<group>";
		};
/* End PBXGroup section */

/* Begin PBXNativeTarget section */
		FB8A8B061E336D0800908B25 /* Xattr Editor */ = {
			isa = PBXNativeTarget;
			buildConfigurationList = FB8A8B141E336D0800908B25 /* Build configuration list for PBXNativeTarget "Xattr Editor" */;
			buildPhases = (
				A164B44121333C6600E11E3F /* SwiftLint */,
				FB8A8B031E336D0800908B25 /* Sources */,
				FB8A8B041E336D0800908B25 /* Frameworks */,
				FB8A8B051E336D0800908B25 /* Resources */,
			);
			buildRules = (
			);
			dependencies = (
			);
			name = "Xattr Editor";
			productName = "Xattr Editor";
			productReference = FB8A8B071E336D0800908B25 /* Xattr Editor.app */;
			productType = "com.apple.product-type.application";
		};
/* End PBXNativeTarget section */

/* Begin PBXProject section */
		FB8A8AFF1E336D0800908B25 /* Project object */ = {
			isa = PBXProject;
			attributes = {
				LastSwiftUpdateCheck = 0810;
				LastUpgradeCheck = 1000;
				ORGANIZATIONNAME = yourcompany;
				TargetAttributes = {
					FB8A8B061E336D0800908B25 = {
						CreatedOnToolsVersion = 8.1;
						ProvisioningStyle = Automatic;
					};
				};
			};
			buildConfigurationList = FB8A8B021E336D0800908B25 /* Build configuration list for PBXProject "Xattr Editor" */;
			compatibilityVersion = "Xcode 3.2";
			developmentRegion = en;
			hasScannedForEncodings = 0;
			knownRegions = (
				en,
				Base,
				es,
				fr,
				de,
				it,
			);
			mainGroup = FB8A8AFE1E336D0800908B25;
			productRefGroup = FB8A8B081E336D0800908B25 /* Products */;
			projectDirPath = "";
			projectRoot = "";
			targets = (
				FB8A8B061E336D0800908B25 /* Xattr Editor */,
			);
		};
/* End PBXProject section */

/* Begin PBXResourcesBuildPhase section */
		FB8A8B051E336D0800908B25 /* Resources */ = {
			isa = PBXResourcesBuildPhase;
			buildActionMask = 2147483647;
			files = (
				FB8A8B0D1E336D0800908B25 /* Assets.xcassets in Resources */,
				47CD50BB40FE331F673DB858 /* Localizable.strings in Resources */,
			);
			runOnlyForDeploymentPostprocessing = 0;
		};
/* End PBXResourcesBuildPhase section */

/* Begin PBXShellScriptBuildPhase section */
		A164B44121333C6600E11E3F /* SwiftLint */ = {
			isa = PBXShellScriptBuildPhase;
			alwaysOutOfDate = 1;
			buildActionMask = 2147483647;
			files = (
			);
			inputFileListPaths = (
			);
			inputPaths = (
			);
			name = SwiftLint;
			outputFileListPaths = (
			);
			outputPaths = (
			);
			runOnlyForDeploymentPostprocessing = 0;
			shellPath = /bin/sh;
			shellScript = "if which swiftlint >/dev/null; then\n    swiftlint\nelse\n    echo \"warning: SwiftLint not installed, download from https://github.com/realm/SwiftLint\"\nfi\n";
		};
/* End PBXShellScriptBuildPhase section */

/* Begin PBXSourcesBuildPhase section */
		FB8A8B031E336D0800908B25 /* Sources */ = {
			isa = PBXSourcesBuildPhase;
			buildActionMask = 2147483647;
			files = (
				FBC0D2CD1E34BA6100A3E79B /* Attribute.swift in Sources */,
				FBC0D2CC1E34BA6100A3E79B /* URL+XAttr.swift in Sources */,
				AA0000011E34BA6100A3E79B /* XattrEditorApp.swift in Sources */,
				AA0000021E34BA6100A3E79B /* OpenFileView.swift in Sources */,
				AA0000031E34BA6100A3E79B /* AttributeInspectorView.swift in Sources */,
				D95039F42F184BAD0086B703 /* Material+LiquidGlass.swift in Sources */,
				D96A33FB2F254D1C00964325 /* LanguageSelectorView.swift in Sources */,
				C054A5EF2F5371AB00442D6C /* GitHubUpdateChecker.swift in Sources */,
			);
			runOnlyForDeploymentPostprocessing = 0;
		};
/* End PBXSourcesBuildPhase section */

/* Begin PBXVariantGroup section */
		09FEBBDB493296B625F15386 /* Localizable.strings */ = {
			isa = PBXVariantGroup;
			children = (
				EC29F5F764AA19394D28F707 /* en */,
				D95DB6522F18188400472969 /* es */,
				D9A85C042F241DAA00BA690E /* fr */,
				D9A85C052F241DB600BA690E /* de */,
				D9A85C062F241DCC00BA690E /* it */,
			);
			name = Localizable.strings;
			sourceTree = "<group>";
		};
/* End PBXVariantGroup section */

/* Begin XCBuildConfiguration section */
		FB8A8B121E336D0800908B25 /* Debug */ = {
			isa = XCBuildConfiguration;
			buildSettings = {
				ALWAYS_SEARCH_USER_PATHS = NO;
				CLANG_ANALYZER_LOCALIZABILITY_NONLOCALIZED = YES;
				CLANG_ANALYZER_NONNULL = YES;
				CLANG_CXX_LANGUAGE_STANDARD = "gnu++0x";
				CLANG_CXX_LIBRARY = "libc++";
				CLANG_ENABLE_MODULES = YES;
				CLANG_ENABLE_OBJC_ARC = YES;
				CLANG_WARN_BLOCK_CAPTURE_AUTORELEASING = YES;
				CLANG_WARN_BOOL_CONVERSION = YES;
				CLANG_WARN_COMMA = YES;
				CLANG_WARN_CONSTANT_CONVERSION = YES;
				CLANG_WARN_DEPRECATED_OBJC_IMPLEMENTATIONS = YES;
				CLANG_WARN_DIRECT_OBJC_ISA_USAGE = YES_ERROR;
				CLANG_WARN_DOCUMENTATION_COMMENTS = YES;
				CLANG_WARN_EMPTY_BODY = YES;
				CLANG_WARN_ENUM_CONVERSION = YES;
				CLANG_WARN_INFINITE_RECURSION = YES;
				CLANG_WARN_INT_CONVERSION = YES;
				CLANG_WARN_NON_LITERAL_NULL_CONVERSION = YES;
				CLANG_WARN_OBJC_IMPLICIT_RETAIN_SELF = YES;
				CLANG_WARN_OBJC_LITERAL_CONVERSION = YES;
				CLANG_WARN_OBJC_ROOT_CLASS = YES_ERROR;
				CLANG_WARN_RANGE_LOOP_ANALYSIS = YES;
				CLANG_WARN_STRICT_PROTOTYPES = YES;
				CLANG_WARN_SUSPICIOUS_MOVE = YES;
				CLANG_WARN_SUSPICIOUS_MOVES = YES;
				CLANG_WARN_UNREACHABLE_CODE = YES;
				CLANG_WARN__DUPLICATE_METHOD_MATCH = YES;
				CODE_SIGN_IDENTITY = "-";
				COPY_PHASE_STRIP = NO;
				DEBUG_INFORMATION_FORMAT = dwarf;
				ENABLE_STRICT_OBJC_MSGSEND = YES;
				ENABLE_TESTABILITY = YES;
				GCC_C_LANGUAGE_STANDARD = gnu99;
				GCC_DYNAMIC_NO_PIC = NO;
				GCC_NO_COMMON_BLOCKS = YES;
				GCC_OPTIMIZATION_LEVEL = 0;
				GCC_PREPROCESSOR_DEFINITIONS = (
					"DEBUG=1",
					"$(inherited)",
				);
				GCC_WARN_64_TO_32_BIT_CONVERSION = YES;
				GCC_WARN_ABOUT_RETURN_TYPE = YES_ERROR;
				GCC_WARN_UNDECLARED_SELECTOR = YES;
				GCC_WARN_UNINITIALIZED_AUTOS = YES_AGGRESSIVE;
				GCC_WARN_UNUSED_FUNCTION = YES;
				GCC_WARN_UNUSED_VARIABLE = YES;
				MACOSX_DEPLOYMENT_TARGET = 14.0;
				MTL_ENABLE_DEBUG_INFO = YES;
				ONLY_ACTIVE_ARCH = YES;
				SDKROOT = macosx;
				SWIFT_ACTIVE_COMPILATION_CONDITIONS = DEBUG;
				SWIFT_OPTIMIZATION_LEVEL = "-Onone";
			};
			name = Debug;
		};
		FB8A8B131E336D0800908B25 /* Release */ = {
			isa = XCBuildConfiguration;
			buildSettings = {
				ALWAYS_SEARCH_USER_PATHS = NO;
				CLANG_ANALYZER_LOCALIZABILITY_NONLOCALIZED = YES;
				CLANG_ANALYZER_NONNULL = YES;
				CLANG_CXX_LANGUAGE_STANDARD = "gnu++0x";
				CLANG_CXX_LIBRARY = "libc++";
				CLANG_ENABLE_MODULES = YES;
				CLANG_ENABLE_OBJC_ARC = YES;
				CLANG_WARN_BLOCK_CAPTURE_AUTORELEASING = YES;
				CLANG_WARN_BOOL_CONVERSION = YES;
				CLANG_WARN_COMMA = YES;
				CLANG_WARN_CONSTANT_CONVERSION = YES;
				CLANG_WARN_DEPRECATED_OBJC_IMPLEMENTATIONS = YES;
				CLANG_WARN_DIRECT_OBJC_ISA_USAGE = YES_ERROR;
				CLANG_WARN_DOCUMENTATION_COMMENTS = YES;
				CLANG_WARN_EMPTY_BODY = YES;
				CLANG_WARN_ENUM_CONVERSION = YES;
				CLANG_WARN_INFINITE_RECURSION = YES;
				CLANG_WARN_INT_CONVERSION = YES;
				CLANG_WARN_NON_LITERAL_NULL_CONVERSION = YES;
				CLANG_WARN_OBJC_IMPLICIT_RETAIN_SELF = YES;
				CLANG_WARN_OBJC_LITERAL_CONVERSION = YES;
				CLANG_WARN_OBJC_ROOT_CLASS = YES_ERROR;
				CLANG_WARN_RANGE_LOOP_ANALYSIS = YES;
				CLANG_WARN_STRICT_PROTOTYPES = YES;
				CLANG_WARN_SUSPICIOUS_MOVE = YES;
				CLANG_WARN_SUSPICIOUS_MOVES = YES;
				CLANG_WARN_UNREACHABLE_CODE = YES;
				CLANG_WARN__DUPLICATE_METHOD_MATCH = YES;
				CODE_SIGN_IDENTITY = "-";
				COPY_PHASE_STRIP = NO;
				DEBUG_INFORMATION_FORMAT = "dwarf-with-dsym";
				ENABLE_NS_ASSERTIONS = NO;
				ENABLE_STRICT_OBJC_MSGSEND = YES;
				GCC_C_LANGUAGE_STANDARD = gnu99;
				GCC_NO_COMMON_BLOCKS = YES;
				GCC_WARN_64_TO_32_BIT_CONVERSION = YES;
				GCC_WARN_ABOUT_RETURN_TYPE = YES_ERROR;
				GCC_WARN_UNDECLARED_SELECTOR = YES;
				GCC_WARN_UNINITIALIZED_AUTOS = YES_AGGRESSIVE;
				GCC_WARN_UNUSED_FUNCTION = YES;
				GCC_WARN_UNUSED_VARIABLE = YES;
				MACOSX_DEPLOYMENT_TARGET = 14.0;
				MTL_ENABLE_DEBUG_INFO = NO;
				ONLY_ACTIVE_ARCH = YES;
				SDKROOT = macosx;
				SWIFT_COMPILATION_MODE = wholemodule;
				SWIFT_OPTIMIZATION_LEVEL = "-O";
			};
			name = Release;
		};
		FB8A8B151E336D0800908B25 /* Debug */ = {
			isa = XCBuildConfiguration;
			buildSettings = {
				ASSETCATALOG_COMPILER_APPICON_NAME = AppIcon;
				COMBINE_HIDPI_IMAGES = YES;
				CURRENT_PROJECT_VERSION = 32;
				DEVELOPMENT_TEAM = ER43ZD2S4U;
				INFOPLIST_FILE = "Xattr Editor/Info.plist";
				INFOPLIST_KEY_LSApplicationCategoryType = "public.app-category.utilities";
				LD_RUNPATH_SEARCH_PATHS = (
					"$(inherited)",
					"@executable_path/../Frameworks",
				);
				MACOSX_DEPLOYMENT_TARGET = 14.0;
				MARKETING_VERSION = 3.0.0;
				PRODUCT_BUNDLE_IDENTIFIER = "com.rcsiko.Xattr-Editor";
				PRODUCT_NAME = "$(TARGET_NAME)";
				SWIFT_VERSION = 5.9;
			};
			name = Debug;
		};
		FB8A8B161E336D0800908B25 /* Release */ = {
			isa = XCBuildConfiguration;
			buildSettings = {
				ASSETCATALOG_COMPILER_APPICON_NAME = AppIcon;
				COMBINE_HIDPI_IMAGES = YES;
				CURRENT_PROJECT_VERSION = 32;
				DEVELOPMENT_TEAM = ER43ZD2S4U;
				INFOPLIST_FILE = "Xattr Editor/Info.plist";
				INFOPLIST_KEY_LSApplicationCategoryType = "public.app-category.utilities";
				LD_RUNPATH_SEARCH_PATHS = (
					"$(inherited)",
					"@executable_path/../Frameworks",
				);
				MACOSX_DEPLOYMENT_TARGET = 14.0;
				MARKETING_VERSION = 3.0.0;
				PRODUCT_BUNDLE_IDENTIFIER = "com.rcsiko.Xattr-Editor";
				PRODUCT_NAME = "$(TARGET_NAME)";
				SWIFT_VERSION = 5.9;
			};
			name = Release;
		};
/* End XCBuildConfiguration section */

/* Begin XCConfigurationList section */
		FB8A8B021E336D0800908B25 /* Build configuration list for PBXProject "Xattr Editor" */ = {
			isa = XCConfigurationList;
			buildConfigurations = (
				FB8A8B121E336D0800908B25 /* Debug */,
				FB8A8B131E336D0800908B25 /* Release */,
			);
			defaultConfigurationIsVisible = 0;
			defaultConfigurationName = Release;
		};
		FB8A8B141E336D0800908B25 /* Build configuration list for PBXNativeTarget "Xattr Editor" */ = {
			isa = XCConfigurationList;
			buildConfigurations = (
				FB8A8B151E336D0800908B25 /* Debug */,
				FB8A8B161E336D0800908B25 /* Release */,
			);
			defaultConfigurationIsVisible = 0;
			defaultConfigurationName = Release;
		};
/* End XCConfigurationList section */
	};
	rootObject = FB8A8AFF1E336D0800908B25 /* Project object */;
}
